
Microsoft Visual Studio Solution File, Format Version 12.00
# Visual Studio Version 16
VisualStudioVersion = 16.0.31702.278
MinimumVisualStudioVersion = 10.0.40219.1
Project("{FAE04EC0-301F-11D3-BF4B-00C04F79EFBC}") = "gen_core_layer", "gen_core_layer.csproj", "{155E6877-CE22-4644-A70F-3A107789BF5B}"
EndProject
Global
	GlobalSection(SolutionConfigurationPlatforms) = preSolution
		Debug|Any CPU = Debug|Any CPU
		Release|Any CPU = Release|Any CPU
	EndGlobalSection
	GlobalSection(ProjectConfigurationPlatforms) = postSolution
		{155E6877-CE22-4644-A70F-3A107789BF5B}.Debug|Any CPU.ActiveCfg = Debug|Any CPU
		{155E6877-CE22-4644-A70F-3A107789BF5B}.Debug|Any CPU.Build.0 = Debug|Any CPU
		{155E6877-CE22-4644-A70F-3A107789BF5B}.Release|Any CPU.ActiveCfg = Release|Any CPU
		{155E6877-CE22-4644-A70F-3A107789BF5B}.Release|Any CPU.Build.0 = Release|Any CPU
	EndGlobalSection
	GlobalSection(SolutionProperties) = preSolution
		HideSolutionNode = FALSE
	EndGlobalSection
	GlobalSection(ExtensibilityGlobals) = postSolution
		SolutionGuid = {D830A5FC-9A14-4D5C-B9A8-723C9D90612B}
	EndGlobalSection
EndGlobal
